// !$*UTF8*$!
{
	archiveVersion = 1;
	classes = {
	};
	objectVersion = 56;
	objects = {

/* Begin PBXBuildFile section */
		D755204E29000AFE00B780FE /* Point.cpp in Sources */ = {isa = PBXBuildFile; fileRef = D755204C29000AFE00B780FE /* Point.cpp */; };
		D755205029000B5E00B780FE /* Color.cpp in Sources */ = {isa = PBXBuildFile; fileRef = D755204F29000B5E00B780FE /* Color.cpp */; };
		D7A5BEF928FF6B39001B05E9 /* main.cpp in Sources */ = {isa = PBXBuildFile; fileRef = D7A5BEF828FF6B39001B05E9 /* main.cpp */; };
		D7A5BF0128FF6B64001B05E9 /* OpenGL.framework in Frameworks */ = {isa = PBXBuildFile; fileRef = D7A5BF0028FF6B64001B05E9 /* OpenGL.framework */; };
		D7A5BF0328FF6B6B001B05E9 /* GLUT.framework in Frameworks */ = {isa = PBXBuildFile; fileRef = D7A5BF0228FF6B6B001B05E9 /* GLUT.framework */; };
		D7A5BF0728FF6B8E001B05E9 /* glut32.lib in Frameworks */ = {isa = PBXBuildFile; fileRef = D7A5BF0428FF6B8E001B05E9 /* glut32.lib */; };
/* End PBXBuildFile section */

/* Begin PBXCopyFilesBuildPhase section */
		D7A5BEF328FF6B39001B05E9 /* CopyFiles */ = {
			isa = PBXCopyFilesBuildPhase;
			buildActionMask = 2147483647;
			dstPath = /usr/share/man/man1/;
			dstSubfolderSpec = 0;
			files = (
			);
			runOnlyForDeploymentPostprocessing = 1;
		};
/* End PBXCopyFilesBuildPhase section */

/* Begin PBXFileReference section */
		D755204C29000AFE00B780FE /* Point.cpp */ = {isa = PBXFileReference; lastKnownFileType = sourcecode.cpp.cpp; path = Point.cpp; sourceTree = "<group>"; };
		D755204F29000B5E00B780FE /* Color.cpp */ = {isa = PBXFileReference; lastKnownFileType = sourcecode.cpp.cpp; path = Color.cpp; sourceTree = "<group>"; };
		D7A5BEF528FF6B39001B05E9 /* Computer_grafik_2 */ = {isa = PBXFileReference; explicitFileType = "compiled.mach-o.executable"; includeInIndex = 0; path = Computer_grafik_2; sourceTree = BUILT_PRODUCTS_DIR; };
		D7A5BEF828FF6B39001B05E9 /* main.cpp */ = {isa = PBXFileReference; lastKnownFileType = sourcecode.cpp.cpp; path = main.cpp; sourceTree = "<group>"; };
		D7A5BF0028FF6B64001B05E9 /* OpenGL.framework */ = {isa = PBXFileReference; lastKnownFileType = wrapper.framework; name = OpenGL.framework; path = System/Library/Frameworks/OpenGL.framework; sourceTree = SDKROOT; };
		D7A5BF0228FF6B6B001B05E9 /* GLUT.framework */ = {isa = PBXFileReference; lastKnownFileType = wrapper.framework; name = GLUT.framework; path = System/Library/Frameworks/GLUT.framework; sourceTree = SDKROOT; };
		D7A5BF0428FF6B8E001B05E9 /* glut32.lib */ = {isa = PBXFileReference; lastKnownFileType = archive.ar; name = glut32.lib; path = ../../Uebung1/Uebung1/glut32.lib; sourceTree = "<group>"; };
		D7A5BF0528FF6B8E001B05E9 /* glut.h */ = {isa = PBXFileReference; fileEncoding = 4; lastKnownFileType = sourcecode.c.h; name = glut.h; path = ../../Uebung1/Uebung1/glut.h; sourceTree = "<group>"; };
		D7A5BF0628FF6B8E001B05E9 /* glut32.dll */ = {isa = PBXFileReference; lastKnownFileType = file; name = glut32.dll; path = ../../Uebung1/Uebung1/glut32.dll; sourceTree = "<group>"; };
		D7E0F3CC29180CC4007D2413 /* mat.h */ = {isa = PBXFileReference; lastKnownFileType = sourcecode.c.h; path = mat.h; sourceTree = "<group>"; };
		D7E0F3CD29180D0C007D2413 /* vec.h */ = {isa = PBXFileReference; lastKnownFileType = sourcecode.c.h; path = vec.h; sourceTree = "<group>"; };
/* End PBXFileReference section */

/* Begin PBXFrameworksBuildPhase section */
		D7A5BEF228FF6B39001B05E9 /* Frameworks */ = {
			isa = PBXFrameworksBuildPhase;
			buildActionMask = 2147483647;
			files = (
				D7A5BF0728FF6B8E001B05E9 /* glut32.lib in Frameworks */,
				D7A5BF0328FF6B6B001B05E9 /* GLUT.framework in Frameworks */,
				D7A5BF0128FF6B64001B05E9 /* OpenGL.framework in Frameworks */,
			);
			runOnlyForDeploymentPostprocessing = 0;
		};
/* End PBXFrameworksBuildPhase section */

/* Begin PBXGroup section */
		D7A5BEEC28FF6B39001B05E9 = {
			isa = PBXGroup;
			children = (
				D7A5BEF728FF6B39001B05E9 /* Computer_grafik_2 */,
				D7A5BEF628FF6B39001B05E9 /* Products */,
				D7A5BEFF28FF6B64001B05E9 /* Frameworks */,
			);
			sourceTree = "<group>";
		};
		D7A5BEF628FF6B39001B05E9 /* Products */ = {
			isa = PBXGroup;
			children = (
				D7A5BEF528FF6B39001B05E9 /* Computer_grafik_2 */,
			);
			name = Products;
			sourceTree = "<group>";
		};
		D7A5BEF728FF6B39001B05E9 /* Computer_grafik_2 */ = {
			isa = PBXGroup;
			children = (
				D7A5BEF828FF6B39001B05E9 /* main.cpp */,
				D755204C29000AFE00B780FE /* Point.cpp */,
				D755204F29000B5E00B780FE /* Color.cpp */,
				D7A5BF0528FF6B8E001B05E9 /* glut.h */,
				D7E0F3CC29180CC4007D2413 /* mat.h */,
				D7A5BF0628FF6B8E001B05E9 /* glut32.dll */,
				D7A5BF0428FF6B8E001B05E9 /* glut32.lib */,
				D7E0F3CD29180D0C007D2413 /* vec.h */,
			);
			path = Computer_grafik_2;
			sourceTree = "<group>";
		};
		D7A5BEFF28FF6B64001B05E9 /* Frameworks */ = {
			isa = PBXGroup;
			children = (
				D7A5BF0228FF6B6B001B05E9 /* GLUT.framework */,
				D7A5BF0028FF6B64001B05E9 /* OpenGL.framework */,
			);
			name = Frameworks;
			sourceTree = "<group>";
		};
/* End PBXGroup section */

/* Begin PBXNativeTarget section */
		D7A5BEF428FF6B39001B05E9 /* Computer_grafik_2 */ = {
			isa = PBXNativeTarget;
			buildConfigurationList = D7A5BEFC28FF6B39001B05E9 /* Build configuration list for PBXNativeTarget "Computer_grafik_2" */;
			buildPhases = (
				D7A5BEF128FF6B39001B05E9 /* Sources */,
				D7A5BEF228FF6B39001B05E9 /* Frameworks */,
				D7A5BEF328FF6B39001B05E9 /* CopyFiles */,
			);
			buildRules = (
			);
			dependencies = (
			);
			name = Computer_grafik_2;
			productName = Computer_grafik_1;
			productReference = D7A5BEF528FF6B39001B05E9 /* Computer_grafik_2 */;
			productType = "com.apple.product-type.tool";
		};
/* End PBXNativeTarget section */

/* Begin PBXProject section */
		D7A5BEED28FF6B39001B05E9 /* Project object */ = {
			isa = PBXProject;
			attributes = {
				BuildIndependentTargetsInParallel = 1;
				LastUpgradeCheck = 1400;
				TargetAttributes = {
					D7A5BEF428FF6B39001B05E9 = {
						CreatedOnToolsVersion = 14.0.1;
					};
				};
			};
			buildConfigurationList = D7A5BEF028FF6B39001B05E9 /* Build configuration list for PBXProject "Computer_grafik_2" */;
			compatibilityVersion = "Xcode 14.0";
			developmentRegion = en;
			hasScannedForEncodings = 0;
			knownRegions = (
				en,
				Base,
			);
			mainGroup = D7A5BEEC28FF6B39001B05E9;
			productRefGroup = D7A5BEF628FF6B39001B05E9 /* Products */;
			projectDirPath = "";
			projectRoot = "";
			targets = (
				D7A5BEF428FF6B39001B05E9 /* Computer_grafik_2 */,
			);
		};
/* End PBXProject section */

/* Begin PBXSourcesBuildPhase section */
		D7A5BEF128FF6B39001B05E9 /* Sources */ = {
			isa = PBXSourcesBuildPhase;
			buildActionMask = 2147483647;
			files = (
				D755204E29000AFE00B780FE /* Point.cpp in Sources */,
				D755205029000B5E00B780FE /* Color.cpp in Sources */,
				D7A5BEF928FF6B39001B05E9 /* main.cpp in Sources */,
			);
			runOnlyForDeploymentPostprocessing = 0;
		};
/* End PBXSourcesBuildPhase section */

/* Begin XCBuildConfiguration section */
		D7A5BEFA28FF6B39001B05E9 /* Debug */ = {
			isa = XCBuildConfiguration;
			buildSettings = {
				ALWAYS_SEARCH_USER_PATHS = NO;
				CLANG_ANALYZER_NONNULL = YES;
				CLANG_ANALYZER_NUMBER_OBJECT_CONVERSION = YES_AGGRESSIVE;
				CLANG_CXX_LANGUAGE_STANDARD = "gnu++20";
				CLANG_ENABLE_MODULES = YES;
				CLANG_ENABLE_OBJC_ARC = YES;
				CLANG_ENABLE_OBJC_WEAK = YES;
				CLANG_WARN_BLOCK_CAPTURE_AUTORELEASING = YES;
				CLANG_WARN_BOOL_CONVERSION = YES;
				CLANG_WARN_COMMA = YES;
				CLANG_WARN_CONSTANT_CONVERSION = YES;
				CLANG_WARN_DEPRECATED_OBJC_IMPLEMENTATIONS = YES;
				CLANG_WARN_DIRECT_OBJC_ISA_USAGE = YES_ERROR;
				CLANG_WARN_DOCUMENTATION_COMMENTS = YES;
				CLANG_WARN_EMPTY_BODY = YES;
				CLANG_WARN_ENUM_CONVERSION = YES;
				CLANG_WARN_INFINITE_RECURSION = YES;
				CLANG_WARN_INT_CONVERSION = YES;
				CLANG_WARN_NON_LITERAL_NULL_CONVERSION = YES;
				CLANG_WARN_OBJC_IMPLICIT_RETAIN_SELF = YES;
				CLANG_WARN_OBJC_LITERAL_CONVERSION = YES;
				CLANG_WARN_OBJC_ROOT_CLASS = YES_ERROR;
				CLANG_WARN_QUOTED_INCLUDE_IN_FRAMEWORK_HEADER = YES;
				CLANG_WARN_RANGE_LOOP_ANALYSIS = YES;
				CLANG_WARN_STRICT_PROTOTYPES = YES;
				CLANG_WARN_SUSPICIOUS_MOVE = YES;
				CLANG_WARN_UNGUARDED_AVAILABILITY = YES_AGGRESSIVE;
				CLANG_WARN_UNREACHABLE_CODE = YES;
				CLANG_WARN__DUPLICATE_METHOD_MATCH = YES;
				COPY_PHASE_STRIP = NO;
				DEBUG_INFORMATION_FORMAT = dwarf;
				ENABLE_STRICT_OBJC_MSGSEND = YES;
				ENABLE_TESTABILITY = YES;
				GCC_C_LANGUAGE_STANDARD = gnu11;
				GCC_DYNAMIC_NO_PIC = NO;
				GCC_NO_COMMON_BLOCKS = YES;
				GCC_OPTIMIZATION_LEVEL = 0;
				GCC_PREPROCESSOR_DEFINITIONS = (
					"DEBUG=1",
					"$(inherited)",
				);
				GCC_WARN_64_TO_32_BIT_CONVERSION = YES;
				GCC_WARN_ABOUT_RETURN_TYPE = YES_ERROR;
				GCC_WARN_UNDECLARED_SELECTOR = YES;
				GCC_WARN_UNINITIALIZED_AUTOS = YES_AGGRESSIVE;
				GCC_WARN_UNUSED_FUNCTION = YES;
				GCC_WARN_UNUSED_VARIABLE = YES;
				MACOSX_DEPLOYMENT_TARGET = 12.3;
				MTL_ENABLE_DEBUG_INFO = INCLUDE_SOURCE;
				MTL_FAST_MATH = YES;
				ONLY_ACTIVE_ARCH = YES;
				SDKROOT = macosx;
			};
			name = Debug;
		};
		D7A5BEFB28FF6B39001B05E9 /* Release */ = {
			isa = XCBuildConfiguration;
			buildSettings = {
				ALWAYS_SEARCH_USER_PATHS = NO;
				CLANG_ANALYZER_NONNULL = YES;
				CLANG_ANALYZER_NUMBER_OBJECT_CONVERSION = YES_AGGRESSIVE;
				CLANG_CXX_LANGUAGE_STANDARD = "gnu++20";
				CLANG_ENABLE_MODULES = YES;
				CLANG_ENABLE_OBJC_ARC = YES;
				CLANG_ENABLE_OBJC_WEAK = YES;
				CLANG_WARN_BLOCK_CAPTURE_AUTORELEASING = YES;
				CLANG_WARN_BOOL_CONVERSION = YES;
				CLANG_WARN_COMMA = YES;
				CLANG_WARN_CONSTANT_CONVERSION = YES;
				CLANG_WARN_DEPRECATED_OBJC_IMPLEMENTATIONS = YES;
				CLANG_WARN_DIRECT_OBJC_ISA_USAGE = YES_ERROR;
				CLANG_WARN_DOCUMENTATION_COMMENTS = YES;
				CLANG_WARN_EMPTY_BODY = YES;
				CLANG_WARN_ENUM_CONVERSION = YES;
				CLANG_WARN_INFINITE_RECURSION = YES;
				CLANG_WARN_INT_CONVERSION = YES;
				CLANG_WARN_NON_LITERAL_NULL_CONVERSION = YES;
				CLANG_WARN_OBJC_IMPLICIT_RETAIN_SELF = YES;
				CLANG_WARN_OBJC_LITERAL_CONVERSION = YES;
				CLANG_WARN_OBJC_ROOT_CLASS = YES_ERROR;
				CLANG_WARN_QUOTED_INCLUDE_IN_FRAMEWORK_HEADER = YES;
				CLANG_WARN_RANGE_LOOP_ANALYSIS = YES;
				CLANG_WARN_STRICT_PROTOTYPES = YES;
				CLANG_WARN_SUSPICIOUS_MOVE = YES;
				CLANG_WARN_UNGUARDED_AVAILABILITY = YES_AGGRESSIVE;
				CLANG_WARN_UNREACHABLE_CODE = YES;
				CLANG_WARN__DUPLICATE_METHOD_MATCH = YES;
				COPY_PHASE_STRIP = NO;
				DEBUG_INFORMATION_FORMAT = "dwarf-with-dsym";
				ENABLE_NS_ASSERTIONS = NO;
				ENABLE_STRICT_OBJC_MSGSEND = YES;
				GCC_C_LANGUAGE_STANDARD = gnu11;
				GCC_NO_COMMON_BLOCKS = YES;
				GCC_WARN_64_TO_32_BIT_CONVERSION = YES;
				GCC_WARN_ABOUT_RETURN_TYPE = YES_ERROR;
				GCC_WARN_UNDECLARED_SELECTOR = YES;
				GCC_WARN_UNINITIALIZED_AUTOS = YES_AGGRESSIVE;
				GCC_WARN_UNUSED_FUNCTION = YES;
				GCC_WARN_UNUSED_VARIABLE = YES;
				MACOSX_DEPLOYMENT_TARGET = 12.3;
				MTL_ENABLE_DEBUG_INFO = NO;
				MTL_FAST_MATH = YES;
				SDKROOT = macosx;
			};
			name = Release;
		};
		D7A5BEFD28FF6B39001B05E9 /* Debug */ = {
			isa = XCBuildConfiguration;
			buildSettings = {
				CODE_SIGN_STYLE = Automatic;
				PRODUCT_NAME = "$(TARGET_NAME)";
			};
			name = Debug;
		};
		D7A5BEFE28FF6B39001B05E9 /* Release */ = {
			isa = XCBuildConfiguration;
			buildSettings = {
				CODE_SIGN_STYLE = Automatic;
				PRODUCT_NAME = "$(TARGET_NAME)";
			};
			name = Release;
		};
/* End XCBuildConfiguration section */

/* Begin XCConfigurationList section */
		D7A5BEF028FF6B39001B05E9 /* Build configuration list for PBXProject "Computer_grafik_2" */ = {
			isa = XCConfigurationList;
			buildConfigurations = (
				D7A5BEFA28FF6B39001B05E9 /* Debug */,
				D7A5BEFB28FF6B39001B05E9 /* Release */,
			);
			defaultConfigurationIsVisible = 0;
			defaultConfigurationName = Release;
		};
		D7A5BEFC28FF6B39001B05E9 /* Build configuration list for PBXNativeTarget "Computer_grafik_2" */ = {
			isa = XCConfigurationList;
			buildConfigurations = (
				D7A5BEFD28FF6B39001B05E9 /* Debug */,
				D7A5BEFE28FF6B39001B05E9 /* Release */,
			);
			defaultConfigurationIsVisible = 0;
			defaultConfigurationName = Release;
		};
/* End XCConfigurationList section */
	};
	rootObject = D7A5BEED28FF6B39001B05E9 /* Project object */;
}
